{
  "pins" : [
    {
      "identity" : "mpv-build",
      "kind" : "remoteSourceControl",
      "location" : "https://github.com/edde746/mpv-build",
      "state" : {
        "revision" : "5203694ecd5b1756cbba21524e5922bcb93063d8"
      }
    },
    {
      "identity" : "sentry-cocoa",
      "kind" : "remoteSourceControl",
      "location" : "https://github.com/getsentry/sentry-cocoa",
      "state" : {
        "revision" : "f196cbb98e0388381d57908f2f5a9bdc385cde68",
        "version" : "8.58.4"
      }
    }
  ],
  "version" : 2
}
